{
    "_meta": {
        "hash": {
            "sha256": "190b83530de3f896fc0a1e5352b1c8c076ad6b5da24ff909686ffa3f6001b429"
        },
        "pipfile-spec": 6,
        "requires": {
            "python_version": "3.9"
        },
        "sources": [
            {
                "name": "pypi",
                "url": "https://pypi.org/simple",
                "verify_ssl": true
            }
        ]
    },
    "default": {
        "sh": {
            "hashes": [
                "sha256:653227a7c41a284ec5302173fbc044ee817c7bad5e6e4d8d55741b9aeb9eb65b",
                "sha256:e0b15b4ae8ffcd399bc8ffddcbd770a43c7a70a24b16773fbb34c001ad5d52af"
            ],
            "index": "pypi",
            "markers": "python_full_version >= '3.8.1' and python_version < '4.0'",
            "version": "==2.2.2"
        }
    },
    "develop": {}
}
